// !$*UTF8*$!
{
	archiveVersion = 1;
	classes = {
	};
	objectVersion = 55;
	objects = {

/* Begin PBXBuildFile section */
		5E0B009E27718884006A8A74 /* Argon in Frameworks */ = {isa = PBXBuildFile; productRef = 5E0B009D27718884006A8A74 /* Argon */; };
		5E0B00A027718889006A8A74 /* ArgonServer in Frameworks */ = {isa = PBXBuildFile; productRef = 5E0B009F27718889006A8A74 /* ArgonServer */; };
		5E0B00A127718895006A8A74 /* User.swift in Sources */ = {isa = PBXBuildFile; fileRef = 5E326709277183B100B0B4DE /* User.swift */; };
		5E0B00A227718898006A8A74 /* Config.swift in Sources */ = {isa = PBXBuildFile; fileRef = 5E158AFA27717BEE00C59E87 /* Config.swift */; };
		5E0B00A927718CDA006A8A74 /* Argon in Frameworks */ = {isa = PBXBuildFile; productRef = 5E0B00A827718CDA006A8A74 /* Argon */; };
		5E0B00C3277195CF006A8A74 /* Argon in Frameworks */ = {isa = PBXBuildFile; productRef = 5E0B00C2277195CF006A8A74 /* Argon */; };
		5E0B00C52771960C006A8A74 /* AppKit.framework in Frameworks */ = {isa = PBXBuildFile; fileRef = 5E0B00C42771960C006A8A74 /* AppKit.framework */; platformFilter = maccatalyst; };
		5E158AD627717BB000C59E87 /* Tests_iOS.swift in Sources */ = {isa = PBXBuildFile; fileRef = 5E158AD527717BB000C59E87 /* Tests_iOS.swift */; };
		5E158AD827717BB000C59E87 /* Tests_iOSLaunchTests.swift in Sources */ = {isa = PBXBuildFile; fileRef = 5E158AD727717BB000C59E87 /* Tests_iOSLaunchTests.swift */; };
		5E158AE227717BB000C59E87 /* Tests_macOS.swift in Sources */ = {isa = PBXBuildFile; fileRef = 5E158AE127717BB000C59E87 /* Tests_macOS.swift */; };
		5E158AE427717BB000C59E87 /* Tests_macOSLaunchTests.swift in Sources */ = {isa = PBXBuildFile; fileRef = 5E158AE327717BB000C59E87 /* Tests_macOSLaunchTests.swift */; };
		5E158AE527717BB000C59E87 /* TraventApp.swift in Sources */ = {isa = PBXBuildFile; fileRef = 5E158ABD27717BAC00C59E87 /* TraventApp.swift */; };
		5E158AE627717BB000C59E87 /* TraventApp.swift in Sources */ = {isa = PBXBuildFile; fileRef = 5E158ABD27717BAC00C59E87 /* TraventApp.swift */; };
		5E158AE927717BB000C59E87 /* Assets.xcassets in Resources */ = {isa = PBXBuildFile; fileRef = 5E158ABF27717BB000C59E87 /* Assets.xcassets */; };
		5E158AEA27717BB000C59E87 /* Assets.xcassets in Resources */ = {isa = PBXBuildFile; fileRef = 5E158ABF27717BB000C59E87 /* Assets.xcassets */; };
		5E158AFB27717BEE00C59E87 /* Config.swift in Sources */ = {isa = PBXBuildFile; fileRef = 5E158AFA27717BEE00C59E87 /* Config.swift */; };
		5E158AFC27717BEE00C59E87 /* Config.swift in Sources */ = {isa = PBXBuildFile; fileRef = 5E158AFA27717BEE00C59E87 /* Config.swift */; };
		5E32670A277183B100B0B4DE /* User.swift in Sources */ = {isa = PBXBuildFile; fileRef = 5E326709277183B100B0B4DE /* User.swift */; };
		5E32670B277183B100B0B4DE /* User.swift in Sources */ = {isa = PBXBuildFile; fileRef = 5E326709277183B100B0B4DE /* User.swift */; };
		5E326713277184E800B0B4DE /* main.swift in Sources */ = {isa = PBXBuildFile; fileRef = 5E326712277184E800B0B4DE /* main.swift */; };
		8A1CE46A27B1CCF80027D203 /* Notification.swift in Sources */ = {isa = PBXBuildFile; fileRef = 8A1CE46927B1CCF80027D203 /* Notification.swift */; };
		8A1CE46B27B1CCF80027D203 /* Notification.swift in Sources */ = {isa = PBXBuildFile; fileRef = 8A1CE46927B1CCF80027D203 /* Notification.swift */; };
		8A1CE46C27B1CCF80027D203 /* Notification.swift in Sources */ = {isa = PBXBuildFile; fileRef = 8A1CE46927B1CCF80027D203 /* Notification.swift */; };
		8A1CE46D27B1CCF80027D203 /* Notification.swift in Sources */ = {isa = PBXBuildFile; fileRef = 8A1CE46927B1CCF80027D203 /* Notification.swift */; };
		8A1CE46E27B1CCF80027D203 /* Notification.swift in Sources */ = {isa = PBXBuildFile; fileRef = 8A1CE46927B1CCF80027D203 /* Notification.swift */; };
		8A1CE47027B1CF8E0027D203 /* NotificationListView.swift in Sources */ = {isa = PBXBuildFile; fileRef = 8A1CE46F27B1CF8E0027D203 /* NotificationListView.swift */; };
		8A1CE47127B1CF8E0027D203 /* NotificationListView.swift in Sources */ = {isa = PBXBuildFile; fileRef = 8A1CE46F27B1CF8E0027D203 /* NotificationListView.swift */; };
		8A1CE47227B1CF8E0027D203 /* NotificationListView.swift in Sources */ = {isa = PBXBuildFile; fileRef = 8A1CE46F27B1CF8E0027D203 /* NotificationListView.swift */; };
		8A1CE47327B1CF8E0027D203 /* NotificationListView.swift in Sources */ = {isa = PBXBuildFile; fileRef = 8A1CE46F27B1CF8E0027D203 /* NotificationListView.swift */; };
		8A1CE47427B1CF8E0027D203 /* NotificationListView.swift in Sources */ = {isa = PBXBuildFile; fileRef = 8A1CE46F27B1CF8E0027D203 /* NotificationListView.swift */; };
/* End PBXBuildFile section */

/* Begin PBXContainerItemProxy section */
		5E158AD227717BB000C59E87 /* PBXContainerItemProxy */ = {
			isa = PBXContainerItemProxy;
			containerPortal = 5E158AB827717BAC00C59E87 /* Project object */;
			proxyType = 1;
			remoteGlobalIDString = 5E158AC327717BB000C59E87;
			remoteInfo = "Travent (iOS)";
		};
		5E158ADE27717BB000C59E87 /* PBXContainerItemProxy */ = {
			isa = PBXContainerItemProxy;
			containerPortal = 5E158AB827717BAC00C59E87 /* Project object */;
			proxyType = 1;
			remoteGlobalIDString = 5E158AC927717BB000C59E87;
			remoteInfo = "Travent (macOS)";
		};
/* End PBXContainerItemProxy section */

/* Begin PBXCopyFilesBuildPhase section */
		5E32670E277184E800B0B4DE /* CopyFiles */ = {
			isa = PBXCopyFilesBuildPhase;
			buildActionMask = 2147483647;
			dstPath = /usr/share/man/man1/;
			dstSubfolderSpec = 0;
			files = (
			);
			runOnlyForDeploymentPostprocessing = 1;
		};
/* End PBXCopyFilesBuildPhase section */

/* Begin PBXFileReference section */
		5E0B00A727718C5B006A8A74 /* Argon */ = {isa = PBXFileReference; lastKnownFileType = folder; name = Argon; path = ../Argon; sourceTree = "<group>"; };
		5E0B00C42771960C006A8A74 /* AppKit.framework */ = {isa = PBXFileReference; lastKnownFileType = wrapper.framework; name = AppKit.framework; path = System/Library/Frameworks/AppKit.framework; sourceTree = SDKROOT; };
		5E158ABD27717BAC00C59E87 /* TraventApp.swift */ = {isa = PBXFileReference; lastKnownFileType = sourcecode.swift; path = TraventApp.swift; sourceTree = "<group>"; };
		5E158ABF27717BB000C59E87 /* Assets.xcassets */ = {isa = PBXFileReference; lastKnownFileType = folder.assetcatalog; path = Assets.xcassets; sourceTree = "<group>"; };
		5E158AC427717BB000C59E87 /* Travent.app */ = {isa = PBXFileReference; explicitFileType = wrapper.application; includeInIndex = 0; path = Travent.app; sourceTree = BUILT_PRODUCTS_DIR; };
		5E158ACA27717BB000C59E87 /* Travent.app */ = {isa = PBXFileReference; explicitFileType = wrapper.application; includeInIndex = 0; path = Travent.app; sourceTree = BUILT_PRODUCTS_DIR; };
		5E158ACC27717BB000C59E87 /* macOS.entitlements */ = {isa = PBXFileReference; lastKnownFileType = text.plist.entitlements; path = macOS.entitlements; sourceTree = "<group>"; };
		5E158AD127717BB000C59E87 /* Tests iOS.xctest */ = {isa = PBXFileReference; explicitFileType = wrapper.cfbundle; includeInIndex = 0; path = "Tests iOS.xctest"; sourceTree = BUILT_PRODUCTS_DIR; };
		5E158AD527717BB000C59E87 /* Tests_iOS.swift */ = {isa = PBXFileReference; lastKnownFileType = sourcecode.swift; path = Tests_iOS.swift; sourceTree = "<group>"; };
		5E158AD727717BB000C59E87 /* Tests_iOSLaunchTests.swift */ = {isa = PBXFileReference; lastKnownFileType = sourcecode.swift; path = Tests_iOSLaunchTests.swift; sourceTree = "<group>"; };
		5E158ADD27717BB000C59E87 /* Tests macOS.xctest */ = {isa = PBXFileReference; explicitFileType = wrapper.cfbundle; includeInIndex = 0; path = "Tests macOS.xctest"; sourceTree = BUILT_PRODUCTS_DIR; };
		5E158AE127717BB000C59E87 /* Tests_macOS.swift */ = {isa = PBXFileReference; lastKnownFileType = sourcecode.swift; path = Tests_macOS.swift; sourceTree = "<group>"; };
		5E158AE327717BB000C59E87 /* Tests_macOSLaunchTests.swift */ = {isa = PBXFileReference; lastKnownFileType = sourcecode.swift; path = Tests_macOSLaunchTests.swift; sourceTree = "<group>"; };
		5E158AFA27717BEE00C59E87 /* Config.swift */ = {isa = PBXFileReference; lastKnownFileType = sourcecode.swift; path = Config.swift; sourceTree = "<group>"; };
		5E326709277183B100B0B4DE /* User.swift */ = {isa = PBXFileReference; lastKnownFileType = sourcecode.swift; path = User.swift; sourceTree = "<group>"; };
		5E326710277184E800B0B4DE /* TraventServer */ = {isa = PBXFileReference; explicitFileType = "compiled.mach-o.executable"; includeInIndex = 0; path = TraventServer; sourceTree = BUILT_PRODUCTS_DIR; };
		5E326712277184E800B0B4DE /* main.swift */ = {isa = PBXFileReference; lastKnownFileType = sourcecode.swift; path = main.swift; sourceTree = "<group>"; };
		8A1CE46927B1CCF80027D203 /* Notification.swift */ = {isa = PBXFileReference; lastKnownFileType = sourcecode.swift; path = Notification.swift; sourceTree = "<group>"; };
		8A1CE46F27B1CF8E0027D203 /* NotificationListView.swift */ = {isa = PBXFileReference; lastKnownFileType = sourcecode.swift; path = NotificationListView.swift; sourceTree = "<group>"; };
/* End PBXFileReference section */

/* Begin PBXFrameworksBuildPhase section */
		5E158AC127717BB000C59E87 /* Frameworks */ = {
			isa = PBXFrameworksBuildPhase;
			buildActionMask = 2147483647;
			files = (
				5E0B00A927718CDA006A8A74 /* Argon in Frameworks */,
			);
			runOnlyForDeploymentPostprocessing = 0;
		};
		5E158AC727717BB000C59E87 /* Frameworks */ = {
			isa = PBXFrameworksBuildPhase;
			buildActionMask = 2147483647;
			files = (
				5E0B009E27718884006A8A74 /* Argon in Frameworks */,
			);
			runOnlyForDeploymentPostprocessing = 0;
		};
		5E158ACE27717BB000C59E87 /* Frameworks */ = {
			isa = PBXFrameworksBuildPhase;
			buildActionMask = 2147483647;
			files = (
			);
			runOnlyForDeploymentPostprocessing = 0;
		};
		5E158ADA27717BB000C59E87 /* Frameworks */ = {
			isa = PBXFrameworksBuildPhase;
			buildActionMask = 2147483647;
			files = (
			);
			runOnlyForDeploymentPostprocessing = 0;
		};
		5E32670D277184E800B0B4DE /* Frameworks */ = {
			isa = PBXFrameworksBuildPhase;
			buildActionMask = 2147483647;
			files = (
				5E0B00C52771960C006A8A74 /* AppKit.framework in Frameworks */,
				5E0B00C3277195CF006A8A74 /* Argon in Frameworks */,
				5E0B00A027718889006A8A74 /* ArgonServer in Frameworks */,
			);
			runOnlyForDeploymentPostprocessing = 0;
		};
/* End PBXFrameworksBuildPhase section */

/* Begin PBXGroup section */
		5E158AB727717BAC00C59E87 = {
			isa = PBXGroup;
			children = (
				5E0B00A727718C5B006A8A74 /* Argon */,
				5E158ABC27717BAC00C59E87 /* Shared */,
				5E158ACB27717BB000C59E87 /* macOS */,
				5E158AD427717BB000C59E87 /* Tests iOS */,
				5E158AE027717BB000C59E87 /* Tests macOS */,
				5E326711277184E800B0B4DE /* TraventServer */,
				5E158AC527717BB000C59E87 /* Products */,
				5E158B0927717CA800C59E87 /* Frameworks */,
			);
			sourceTree = "<group>";
		};
		5E158ABC27717BAC00C59E87 /* Shared */ = {
			isa = PBXGroup;
			children = (
				5E3267082771835700B0B4DE /* Models */,
				5E158AFA27717BEE00C59E87 /* Config.swift */,
				5E158ABD27717BAC00C59E87 /* TraventApp.swift */,
				8A1CE46F27B1CF8E0027D203 /* NotificationListView.swift */,
				5E158ABF27717BB000C59E87 /* Assets.xcassets */,
			);
			path = Shared;
			sourceTree = "<group>";
		};
		5E158AC527717BB000C59E87 /* Products */ = {
			isa = PBXGroup;
			children = (
				5E158AC427717BB000C59E87 /* Travent.app */,
				5E158ACA27717BB000C59E87 /* Travent.app */,
				5E158AD127717BB000C59E87 /* Tests iOS.xctest */,
				5E158ADD27717BB000C59E87 /* Tests macOS.xctest */,
				5E326710277184E800B0B4DE /* TraventServer */,
			);
			name = Products;
			sourceTree = "<group>";
		};
		5E158ACB27717BB000C59E87 /* macOS */ = {
			isa = PBXGroup;
			children = (
				5E158ACC27717BB000C59E87 /* macOS.entitlements */,
			);
			path = macOS;
			sourceTree = "<group>";
		};
		5E158AD427717BB000C59E87 /* Tests iOS */ = {
			isa = PBXGroup;
			children = (
				5E158AD527717BB000C59E87 /* Tests_iOS.swift */,
				5E158AD727717BB000C59E87 /* Tests_iOSLaunchTests.swift */,
			);
			path = "Tests iOS";
			sourceTree = "<group>";
		};
		5E158AE027717BB000C59E87 /* Tests macOS */ = {
			isa = PBXGroup;
			children = (
				5E158AE127717BB000C59E87 /* Tests_macOS.swift */,
				5E158AE327717BB000C59E87 /* Tests_macOSLaunchTests.swift */,
			);
			path = "Tests macOS";
			sourceTree = "<group>";
		};
		5E158B0927717CA800C59E87 /* Frameworks */ = {
			isa = PBXGroup;
			children = (
				5E0B00C42771960C006A8A74 /* AppKit.framework */,
			);
			name = Frameworks;
			sourceTree = "<group>";
		};
		5E3267082771835700B0B4DE /* Models */ = {
			isa = PBXGroup;
			children = (
				5E326709277183B100B0B4DE /* User.swift */,
				8A1CE46927B1CCF80027D203 /* Notification.swift */,
			);
			path = Models;
			sourceTree = "<group>";
		};
		5E326711277184E800B0B4DE /* TraventServer */ = {
			isa = PBXGroup;
			children = (
				5E326712277184E800B0B4DE /* main.swift */,
			);
			path = TraventServer;
			sourceTree = "<group>";
		};
/* End PBXGroup section */

/* Begin PBXNativeTarget section */
		5E158AC327717BB000C59E87 /* Travent (iOS) */ = {
			isa = PBXNativeTarget;
			buildConfigurationList = 5E158AED27717BB000C59E87 /* Build configuration list for PBXNativeTarget "Travent (iOS)" */;
			buildPhases = (
				5E158AC027717BB000C59E87 /* Sources */,
				5E158AC127717BB000C59E87 /* Frameworks */,
				5E158AC227717BB000C59E87 /* Resources */,
			);
			buildRules = (
			);
			dependencies = (
			);
			name = "Travent (iOS)";
			packageProductDependencies = (
				5E0B00A827718CDA006A8A74 /* Argon */,
			);
			productName = "Travent (iOS)";
			productReference = 5E158AC427717BB000C59E87 /* Travent.app */;
			productType = "com.apple.product-type.application";
		};
		5E158AC927717BB000C59E87 /* Travent (macOS) */ = {
			isa = PBXNativeTarget;
			buildConfigurationList = 5E158AF027717BB000C59E87 /* Build configuration list for PBXNativeTarget "Travent (macOS)" */;
			buildPhases = (
				5E158AC627717BB000C59E87 /* Sources */,
				5E158AC727717BB000C59E87 /* Frameworks */,
				5E158AC827717BB000C59E87 /* Resources */,
			);
			buildRules = (
			);
			dependencies = (
			);
			name = "Travent (macOS)";
			packageProductDependencies = (
				5E0B009D27718884006A8A74 /* Argon */,
			);
			productName = "Travent (macOS)";
			productReference = 5E158ACA27717BB000C59E87 /* Travent.app */;
			productType = "com.apple.product-type.application";
		};
		5E158AD027717BB000C59E87 /* Tests iOS */ = {
			isa = PBXNativeTarget;
			buildConfigurationList = 5E158AF327717BB000C59E87 /* Build configuration list for PBXNativeTarget "Tests iOS" */;
			buildPhases = (
				5E158ACD27717BB000C59E87 /* Sources */,
				5E158ACE27717BB000C59E87 /* Frameworks */,
				5E158ACF27717BB000C59E87 /* Resources */,
			);
			buildRules = (
			);
			dependencies = (
				5E158AD327717BB000C59E87 /* PBXTargetDependency */,
			);
			name = "Tests iOS";
			productName = "Tests iOS";
			productReference = 5E158AD127717BB000C59E87 /* Tests iOS.xctest */;
			productType = "com.apple.product-type.bundle.ui-testing";
		};
		5E158ADC27717BB000C59E87 /* Tests macOS */ = {
			isa = PBXNativeTarget;
			buildConfigurationList = 5E158AF627717BB000C59E87 /* Build configuration list for PBXNativeTarget "Tests macOS" */;
			buildPhases = (
				5E158AD927717BB000C59E87 /* Sources */,
				5E158ADA27717BB000C59E87 /* Frameworks */,
				5E158ADB27717BB000C59E87 /* Resources */,
			);
			buildRules = (
			);
			dependencies = (
				5E158ADF27717BB000C59E87 /* PBXTargetDependency */,
			);
			name = "Tests macOS";
			productName = "Tests macOS";
			productReference = 5E158ADD27717BB000C59E87 /* Tests macOS.xctest */;
			productType = "com.apple.product-type.bundle.ui-testing";
		};
		5E32670F277184E800B0B4DE /* TraventServer */ = {
			isa = PBXNativeTarget;
			buildConfigurationList = 5E326714277184E800B0B4DE /* Build configuration list for PBXNativeTarget "TraventServer" */;
			buildPhases = (
				5E32670C277184E800B0B4DE /* Sources */,
				5E32670D277184E800B0B4DE /* Frameworks */,
				5E32670E277184E800B0B4DE /* CopyFiles */,
			);
			buildRules = (
			);
			dependencies = (
			);
			name = TraventServer;
			packageProductDependencies = (
				5E0B009F27718889006A8A74 /* ArgonServer */,
				5E0B00C2277195CF006A8A74 /* Argon */,
			);
			productName = TraventServer;
			productReference = 5E326710277184E800B0B4DE /* TraventServer */;
			productType = "com.apple.product-type.tool";
		};
/* End PBXNativeTarget section */

/* Begin PBXProject section */
		5E158AB827717BAC00C59E87 /* Project object */ = {
			isa = PBXProject;
			attributes = {
				BuildIndependentTargetsInParallel = 1;
				LastSwiftUpdateCheck = 1300;
				LastUpgradeCheck = 1300;
				TargetAttributes = {
					5E158AC327717BB000C59E87 = {
						CreatedOnToolsVersion = 13.0;
					};
					5E158AC927717BB000C59E87 = {
						CreatedOnToolsVersion = 13.0;
					};
					5E158AD027717BB000C59E87 = {
						CreatedOnToolsVersion = 13.0;
						TestTargetID = 5E158AC327717BB000C59E87;
					};
					5E158ADC27717BB000C59E87 = {
						CreatedOnToolsVersion = 13.0;
						TestTargetID = 5E158AC927717BB000C59E87;
					};
					5E32670F277184E800B0B4DE = {
						CreatedOnToolsVersion = 13.0;
					};
				};
			};
			buildConfigurationList = 5E158ABB27717BAC00C59E87 /* Build configuration list for PBXProject "Travent" */;
			compatibilityVersion = "Xcode 13.0";
			developmentRegion = en;
			hasScannedForEncodings = 0;
			knownRegions = (
				en,
				Base,
			);
			mainGroup = 5E158AB727717BAC00C59E87;
			packageReferences = (
			);
			productRefGroup = 5E158AC527717BB000C59E87 /* Products */;
			projectDirPath = "";
			projectRoot = "";
			targets = (
				5E158AC327717BB000C59E87 /* Travent (iOS) */,
				5E158AC927717BB000C59E87 /* Travent (macOS) */,
				5E158AD027717BB000C59E87 /* Tests iOS */,
				5E158ADC27717BB000C59E87 /* Tests macOS */,
				5E32670F277184E800B0B4DE /* TraventServer */,
			);
		};
/* End PBXProject section */

/* Begin PBXResourcesBuildPhase section */
		5E158AC227717BB000C59E87 /* Resources */ = {
			isa = PBXResourcesBuildPhase;
			buildActionMask = 2147483647;
			files = (
				5E158AE927717BB000C59E87 /* Assets.xcassets in Resources */,
			);
			runOnlyForDeploymentPostprocessing = 0;
		};
		5E158AC827717BB000C59E87 /* Resources */ = {
			isa = PBXResourcesBuildPhase;
			buildActionMask = 2147483647;
			files = (
				5E158AEA27717BB000C59E87 /* Assets.xcassets in Resources */,
			);
			runOnlyForDeploymentPostprocessing = 0;
		};
		5E158ACF27717BB000C59E87 /* Resources */ = {
			isa = PBXResourcesBuildPhase;
			buildActionMask = 2147483647;
			files = (
			);
			runOnlyForDeploymentPostprocessing = 0;
		};
		5E158ADB27717BB000C59E87 /* Resources */ = {
			isa = PBXResourcesBuildPhase;
			buildActionMask = 2147483647;
			files = (
			);
			runOnlyForDeploymentPostprocessing = 0;
		};
/* End PBXResourcesBuildPhase section */

/* Begin PBXSourcesBuildPhase section */
		5E158AC027717BB000C59E87 /* Sources */ = {
			isa = PBXSourcesBuildPhase;
			buildActionMask = 2147483647;
			files = (
				5E32670A277183B100B0B4DE /* User.swift in Sources */,
				8A1CE46A27B1CCF80027D203 /* Notification.swift in Sources */,
				5E158AE527717BB000C59E87 /* TraventApp.swift in Sources */,
				5E158AFB27717BEE00C59E87 /* Config.swift in Sources */,
				8A1CE47027B1CF8E0027D203 /* NotificationListView.swift in Sources */,
			);
			runOnlyForDeploymentPostprocessing = 0;
		};
		5E158AC627717BB000C59E87 /* Sources */ = {
			isa = PBXSourcesBuildPhase;
			buildActionMask = 2147483647;
			files = (
				5E32670B277183B100B0B4DE /* User.swift in Sources */,
				8A1CE46B27B1CCF80027D203 /* Notification.swift in Sources */,
				5E158AE627717BB000C59E87 /* TraventApp.swift in Sources */,
				5E158AFC27717BEE00C59E87 /* Config.swift in Sources */,
				8A1CE47127B1CF8E0027D203 /* NotificationListView.swift in Sources */,
			);
			runOnlyForDeploymentPostprocessing = 0;
		};
		5E158ACD27717BB000C59E87 /* Sources */ = {
			isa = PBXSourcesBuildPhase;
			buildActionMask = 2147483647;
			files = (
				5E158AD827717BB000C59E87 /* Tests_iOSLaunchTests.swift in Sources */,
				5E158AD627717BB000C59E87 /* Tests_iOS.swift in Sources */,
				8A1CE46C27B1CCF80027D203 /* Notification.swift in Sources */,
				8A1CE47227B1CF8E0027D203 /* NotificationListView.swift in Sources */,
			);
			runOnlyForDeploymentPostprocessing = 0;
		};
		5E158AD927717BB000C59E87 /* Sources */ = {
			isa = PBXSourcesBuildPhase;
			buildActionMask = 2147483647;
			files = (
				5E158AE427717BB000C59E87 /* Tests_macOSLaunchTests.swift in Sources */,
				5E158AE227717BB000C59E87 /* Tests_macOS.swift in Sources */,
				8A1CE46D27B1CCF80027D203 /* Notification.swift in Sources */,
				8A1CE47327B1CF8E0027D203 /* NotificationListView.swift in Sources */,
			);
			runOnlyForDeploymentPostprocessing = 0;
		};
		5E32670C277184E800B0B4DE /* Sources */ = {
			isa = PBXSourcesBuildPhase;
			buildActionMask = 2147483647;
			files = (
				8A1CE46E27B1CCF80027D203 /* Notification.swift in Sources */,
				5E0B00A127718895006A8A74 /* User.swift in Sources */,
				5E326713277184E800B0B4DE /* main.swift in Sources */,
				8A1CE47427B1CF8E0027D203 /* NotificationListView.swift in Sources */,
				5E0B00A227718898006A8A74 /* Config.swift in Sources */,
			);
			runOnlyForDeploymentPostprocessing = 0;
		};
/* End PBXSourcesBuildPhase section */

/* Begin PBXTargetDependency section */
		5E158AD327717BB000C59E87 /* PBXTargetDependency */ = {
			isa = PBXTargetDependency;
			target = 5E158AC327717BB000C59E87 /* Travent (iOS) */;
			targetProxy = 5E158AD227717BB000C59E87 /* PBXContainerItemProxy */;
		};
		5E158ADF27717BB000C59E87 /* PBXTargetDependency */ = {
			isa = PBXTargetDependency;
			target = 5E158AC927717BB000C59E87 /* Travent (macOS) */;
			targetProxy = 5E158ADE27717BB000C59E87 /* PBXContainerItemProxy */;
		};
/* End PBXTargetDependency section */

/* Begin XCBuildConfiguration section */
		5E158AEB27717BB000C59E87 /* Debug */ = {
			isa = XCBuildConfiguration;
			buildSettings = {
				ALWAYS_SEARCH_USER_PATHS = NO;
				CLANG_ANALYZER_NONNULL = YES;
				CLANG_ANALYZER_NUMBER_OBJECT_CONVERSION = YES_AGGRESSIVE;
				CLANG_CXX_LANGUAGE_STANDARD = "gnu++17";
				CLANG_CXX_LIBRARY = "libc++";
				CLANG_ENABLE_MODULES = YES;
				CLANG_ENABLE_OBJC_ARC = YES;
				CLANG_ENABLE_OBJC_WEAK = YES;
				CLANG_WARN_BLOCK_CAPTURE_AUTORELEASING = YES;
				CLANG_WARN_BOOL_CONVERSION = YES;
				CLANG_WARN_COMMA = YES;
				CLANG_WARN_CONSTANT_CONVERSION = YES;
				CLANG_WARN_DEPRECATED_OBJC_IMPLEMENTATIONS = YES;
				CLANG_WARN_DIRECT_OBJC_ISA_USAGE = YES_ERROR;
				CLANG_WARN_DOCUMENTATION_COMMENTS = YES;
				CLANG_WARN_EMPTY_BODY = YES;
				CLANG_WARN_ENUM_CONVERSION = YES;
				CLANG_WARN_INFINITE_RECURSION = YES;
				CLANG_WARN_INT_CONVERSION = YES;
				CLANG_WARN_NON_LITERAL_NULL_CONVERSION = YES;
				CLANG_WARN_OBJC_IMPLICIT_RETAIN_SELF = YES;
				CLANG_WARN_OBJC_LITERAL_CONVERSION = YES;
				CLANG_WARN_OBJC_ROOT_CLASS = YES_ERROR;
				CLANG_WARN_QUOTED_INCLUDE_IN_FRAMEWORK_HEADER = YES;
				CLANG_WARN_RANGE_LOOP_ANALYSIS = YES;
				CLANG_WARN_STRICT_PROTOTYPES = YES;
				CLANG_WARN_SUSPICIOUS_MOVE = YES;
				CLANG_WARN_UNGUARDED_AVAILABILITY = YES_AGGRESSIVE;
				CLANG_WARN_UNREACHABLE_CODE = YES;
				CLANG_WARN__DUPLICATE_METHOD_MATCH = YES;
				COPY_PHASE_STRIP = NO;
				DEBUG_INFORMATION_FORMAT = dwarf;
				ENABLE_STRICT_OBJC_MSGSEND = YES;
				ENABLE_TESTABILITY = YES;
				GCC_C_LANGUAGE_STANDARD = gnu11;
				GCC_DYNAMIC_NO_PIC = NO;
				GCC_NO_COMMON_BLOCKS = YES;
				GCC_OPTIMIZATION_LEVEL = 0;
				GCC_PREPROCESSOR_DEFINITIONS = (
					"DEBUG=1",
					"$(inherited)",
				);
				GCC_WARN_64_TO_32_BIT_CONVERSION = YES;
				GCC_WARN_ABOUT_RETURN_TYPE = YES_ERROR;
				GCC_WARN_UNDECLARED_SELECTOR = YES;
				GCC_WARN_UNINITIALIZED_AUTOS = YES_AGGRESSIVE;
				GCC_WARN_UNUSED_FUNCTION = YES;
				GCC_WARN_UNUSED_VARIABLE = YES;
				IPHONEOS_DEPLOYMENT_TARGET = 15.0;
				MACOSX_DEPLOYMENT_TARGET = 11.3;
				MTL_ENABLE_DEBUG_INFO = INCLUDE_SOURCE;
				MTL_FAST_MATH = YES;
				ONLY_ACTIVE_ARCH = YES;
				SWIFT_ACTIVE_COMPILATION_CONDITIONS = DEBUG;
				SWIFT_OPTIMIZATION_LEVEL = "-Onone";
			};
			name = Debug;
		};
		5E158AEC27717BB000C59E87 /* Release */ = {
			isa = XCBuildConfiguration;
			buildSettings = {
				ALWAYS_SEARCH_USER_PATHS = NO;
				CLANG_ANALYZER_NONNULL = YES;
				CLANG_ANALYZER_NUMBER_OBJECT_CONVERSION = YES_AGGRESSIVE;
				CLANG_CXX_LANGUAGE_STANDARD = "gnu++17";
				CLANG_CXX_LIBRARY = "libc++";
				CLANG_ENABLE_MODULES = YES;
				CLANG_ENABLE_OBJC_ARC = YES;
				CLANG_ENABLE_OBJC_WEAK = YES;
				CLANG_WARN_BLOCK_CAPTURE_AUTORELEASING = YES;
				CLANG_WARN_BOOL_CONVERSION = YES;
				CLANG_WARN_COMMA = YES;
				CLANG_WARN_CONSTANT_CONVERSION = YES;
				CLANG_WARN_DEPRECATED_OBJC_IMPLEMENTATIONS = YES;
				CLANG_WARN_DIRECT_OBJC_ISA_USAGE = YES_ERROR;
				CLANG_WARN_DOCUMENTATION_COMMENTS = YES;
				CLANG_WARN_EMPTY_BODY = YES;
				CLANG_WARN_ENUM_CONVERSION = YES;
				CLANG_WARN_INFINITE_RECURSION = YES;
				CLANG_WARN_INT_CONVERSION = YES;
				CLANG_WARN_NON_LITERAL_NULL_CONVERSION = YES;
				CLANG_WARN_OBJC_IMPLICIT_RETAIN_SELF = YES;
				CLANG_WARN_OBJC_LITERAL_CONVERSION = YES;
				CLANG_WARN_OBJC_ROOT_CLASS = YES_ERROR;
				CLANG_WARN_QUOTED_INCLUDE_IN_FRAMEWORK_HEADER = YES;
				CLANG_WARN_RANGE_LOOP_ANALYSIS = YES;
				CLANG_WARN_STRICT_PROTOTYPES = YES;
				CLANG_WARN_SUSPICIOUS_MOVE = YES;
				CLANG_WARN_UNGUARDED_AVAILABILITY = YES_AGGRESSIVE;
				CLANG_WARN_UNREACHABLE_CODE = YES;
				CLANG_WARN__DUPLICATE_METHOD_MATCH = YES;
				COPY_PHASE_STRIP = NO;
				DEBUG_INFORMATION_FORMAT = "dwarf-with-dsym";
				ENABLE_NS_ASSERTIONS = NO;
				ENABLE_STRICT_OBJC_MSGSEND = YES;
				GCC_C_LANGUAGE_STANDARD = gnu11;
				GCC_NO_COMMON_BLOCKS = YES;
				GCC_WARN_64_TO_32_BIT_CONVERSION = YES;
				GCC_WARN_ABOUT_RETURN_TYPE = YES_ERROR;
				GCC_WARN_UNDECLARED_SELECTOR = YES;
				GCC_WARN_UNINITIALIZED_AUTOS = YES_AGGRESSIVE;
				GCC_WARN_UNUSED_FUNCTION = YES;
				GCC_WARN_UNUSED_VARIABLE = YES;
				IPHONEOS_DEPLOYMENT_TARGET = 15.0;
				MACOSX_DEPLOYMENT_TARGET = 11.3;
				MTL_ENABLE_DEBUG_INFO = NO;
				MTL_FAST_MATH = YES;
				SWIFT_COMPILATION_MODE = wholemodule;
				SWIFT_OPTIMIZATION_LEVEL = "-O";
			};
			name = Release;
		};
		5E158AEE27717BB000C59E87 /* Debug */ = {
			isa = XCBuildConfiguration;
			buildSettings = {
				ASSETCATALOG_COMPILER_APPICON_NAME = AppIcon;
				ASSETCATALOG_COMPILER_GLOBAL_ACCENT_COLOR_NAME = AccentColor;
				CODE_SIGN_STYLE = Automatic;
				CURRENT_PROJECT_VERSION = 1;
				DEVELOPMENT_TEAM = XM86A3X2SX;
				ENABLE_PREVIEWS = YES;
				GENERATE_INFOPLIST_FILE = YES;
				INFOPLIST_KEY_UIApplicationSceneManifest_Generation = YES;
				INFOPLIST_KEY_UIApplicationSupportsIndirectInputEvents = YES;
				INFOPLIST_KEY_UILaunchScreen_Generation = YES;
				INFOPLIST_KEY_UISupportedInterfaceOrientations_iPad = "UIInterfaceOrientationPortrait UIInterfaceOrientationPortraitUpsideDown UIInterfaceOrientationLandscapeLeft UIInterfaceOrientationLandscapeRight";
				INFOPLIST_KEY_UISupportedInterfaceOrientations_iPhone = "UIInterfaceOrientationPortrait UIInterfaceOrientationLandscapeLeft UIInterfaceOrientationLandscapeRight";
				IPHONEOS_DEPLOYMENT_TARGET = 15.0;
				LD_RUNPATH_SEARCH_PATHS = (
					"$(inherited)",
					"@executable_path/Frameworks",
				);
				MARKETING_VERSION = 1.0;
				PRODUCT_BUNDLE_IDENTIFIER = com.thirdlander.Travent;
				PRODUCT_NAME = Travent;
				SDKROOT = iphoneos;
				SWIFT_EMIT_LOC_STRINGS = YES;
				SWIFT_VERSION = 5.0;
				TARGETED_DEVICE_FAMILY = "1,2";
			};
			name = Debug;
		};
		5E158AEF27717BB000C59E87 /* Release */ = {
			isa = XCBuildConfiguration;
			buildSettings = {
				ASSETCATALOG_COMPILER_APPICON_NAME = AppIcon;
				ASSETCATALOG_COMPILER_GLOBAL_ACCENT_COLOR_NAME = AccentColor;
				CODE_SIGN_STYLE = Automatic;
				CURRENT_PROJECT_VERSION = 1;
				DEVELOPMENT_TEAM = XM86A3X2SX;
				ENABLE_PREVIEWS = YES;
				GENERATE_INFOPLIST_FILE = YES;
				INFOPLIST_KEY_UIApplicationSceneManifest_Generation = YES;
				INFOPLIST_KEY_UIApplicationSupportsIndirectInputEvents = YES;
				INFOPLIST_KEY_UILaunchScreen_Generation = YES;
				INFOPLIST_KEY_UISupportedInterfaceOrientations_iPad = "UIInterfaceOrientationPortrait UIInterfaceOrientationPortraitUpsideDown UIInterfaceOrientationLandscapeLeft UIInterfaceOrientationLandscapeRight";
				INFOPLIST_KEY_UISupportedInterfaceOrientations_iPhone = "UIInterfaceOrientationPortrait UIInterfaceOrientationLandscapeLeft UIInterfaceOrientationLandscapeRight";
				IPHONEOS_DEPLOYMENT_TARGET = 15.0;
				LD_RUNPATH_SEARCH_PATHS = (
					"$(inherited)",
					"@executable_path/Frameworks",
				);
				MARKETING_VERSION = 1.0;
				PRODUCT_BUNDLE_IDENTIFIER = com.thirdlander.Travent;
				PRODUCT_NAME = Travent;
				SDKROOT = iphoneos;
				SWIFT_EMIT_LOC_STRINGS = YES;
				SWIFT_VERSION = 5.0;
				TARGETED_DEVICE_FAMILY = "1,2";
				VALIDATE_PRODUCT = YES;
			};
			name = Release;
		};
		5E158AF127717BB000C59E87 /* Debug */ = {
			isa = XCBuildConfiguration;
			buildSettings = {
				ASSETCATALOG_COMPILER_APPICON_NAME = AppIcon;
				ASSETCATALOG_COMPILER_GLOBAL_ACCENT_COLOR_NAME = AccentColor;
				CODE_SIGN_ENTITLEMENTS = macOS/macOS.entitlements;
				CODE_SIGN_STYLE = Automatic;
				COMBINE_HIDPI_IMAGES = YES;
				CURRENT_PROJECT_VERSION = 1;
				DEVELOPMENT_TEAM = XM86A3X2SX;
				ENABLE_HARDENED_RUNTIME = YES;
				ENABLE_PREVIEWS = YES;
				GENERATE_INFOPLIST_FILE = YES;
				INFOPLIST_KEY_NSHumanReadableCopyright = "";
				LD_RUNPATH_SEARCH_PATHS = (
					"$(inherited)",
					"@executable_path/../Frameworks",
				);
				MACOSX_DEPLOYMENT_TARGET = 11.0;
				MARKETING_VERSION = 1.0;
				PRODUCT_BUNDLE_IDENTIFIER = com.thirdlander.Travent;
				PRODUCT_NAME = Travent;
				SDKROOT = macosx;
				SWIFT_EMIT_LOC_STRINGS = YES;
				SWIFT_VERSION = 5.0;
			};
			name = Debug;
		};
		5E158AF227717BB000C59E87 /* Release */ = {
			isa = XCBuildConfiguration;
			buildSettings = {
				ASSETCATALOG_COMPILER_APPICON_NAME = AppIcon;
				ASSETCATALOG_COMPILER_GLOBAL_ACCENT_COLOR_NAME = AccentColor;
				CODE_SIGN_ENTITLEMENTS = macOS/macOS.entitlements;
				CODE_SIGN_STYLE = Automatic;
				COMBINE_HIDPI_IMAGES = YES;
				CURRENT_PROJECT_VERSION = 1;
				DEVELOPMENT_TEAM = XM86A3X2SX;
				ENABLE_HARDENED_RUNTIME = YES;
				ENABLE_PREVIEWS = YES;
				GENERATE_INFOPLIST_FILE = YES;
				INFOPLIST_KEY_NSHumanReadableCopyright = "";
				LD_RUNPATH_SEARCH_PATHS = (
					"$(inherited)",
					"@executable_path/../Frameworks",
				);
				MACOSX_DEPLOYMENT_TARGET = 11.0;
				MARKETING_VERSION = 1.0;
				PRODUCT_BUNDLE_IDENTIFIER = com.thirdlander.Travent;
				PRODUCT_NAME = Travent;
				SDKROOT = macosx;
				SWIFT_EMIT_LOC_STRINGS = YES;
				SWIFT_VERSION = 5.0;
			};
			name = Release;
		};
		5E158AF427717BB000C59E87 /* Debug */ = {
			isa = XCBuildConfiguration;
			buildSettings = {
				ALWAYS_EMBED_SWIFT_STANDARD_LIBRARIES = YES;
				CODE_SIGN_STYLE = Automatic;
				CURRENT_PROJECT_VERSION = 1;
				DEVELOPMENT_TEAM = XM86A3X2SX;
				GENERATE_INFOPLIST_FILE = YES;
				IPHONEOS_DEPLOYMENT_TARGET = 15.0;
				LD_RUNPATH_SEARCH_PATHS = (
					"$(inherited)",
					"@executable_path/Frameworks",
					"@loader_path/Frameworks",
				);
				MARKETING_VERSION = 1.0;
				PRODUCT_BUNDLE_IDENTIFIER = "com.thirdlander.Tests-iOS";
				PRODUCT_NAME = "$(TARGET_NAME)";
				SDKROOT = iphoneos;
				SWIFT_EMIT_LOC_STRINGS = NO;
				SWIFT_VERSION = 5.0;
				TARGETED_DEVICE_FAMILY = "1,2";
				TEST_TARGET_NAME = "Travent (iOS)";
			};
			name = Debug;
		};
		5E158AF527717BB000C59E87 /* Release */ = {
			isa = XCBuildConfiguration;
			buildSettings = {
				ALWAYS_EMBED_SWIFT_STANDARD_LIBRARIES = YES;
				CODE_SIGN_STYLE = Automatic;
				CURRENT_PROJECT_VERSION = 1;
				DEVELOPMENT_TEAM = XM86A3X2SX;
				GENERATE_INFOPLIST_FILE = YES;
				IPHONEOS_DEPLOYMENT_TARGET = 15.0;
				LD_RUNPATH_SEARCH_PATHS = (
					"$(inherited)",
					"@executable_path/Frameworks",
					"@loader_path/Frameworks",
				);
				MARKETING_VERSION = 1.0;
				PRODUCT_BUNDLE_IDENTIFIER = "com.thirdlander.Tests-iOS";
				PRODUCT_NAME = "$(TARGET_NAME)";
				SDKROOT = iphoneos;
				SWIFT_EMIT_LOC_STRINGS = NO;
				SWIFT_VERSION = 5.0;
				TARGETED_DEVICE_FAMILY = "1,2";
				TEST_TARGET_NAME = "Travent (iOS)";
				VALIDATE_PRODUCT = YES;
			};
			name = Release;
		};
		5E158AF727717BB000C59E87 /* Debug */ = {
			isa = XCBuildConfiguration;
			buildSettings = {
				ALWAYS_EMBED_SWIFT_STANDARD_LIBRARIES = YES;
				CODE_SIGN_STYLE = Automatic;
				COMBINE_HIDPI_IMAGES = YES;
				CURRENT_PROJECT_VERSION = 1;
				DEVELOPMENT_TEAM = XM86A3X2SX;
				GENERATE_INFOPLIST_FILE = YES;
				LD_RUNPATH_SEARCH_PATHS = (
					"$(inherited)",
					"@executable_path/../Frameworks",
					"@loader_path/../Frameworks",
				);
				MACOSX_DEPLOYMENT_TARGET = 11.3;
				MARKETING_VERSION = 1.0;
				PRODUCT_BUNDLE_IDENTIFIER = "com.thirdlander.Tests-macOS";
				PRODUCT_NAME = "$(TARGET_NAME)";
				SDKROOT = macosx;
				SWIFT_EMIT_LOC_STRINGS = NO;
				SWIFT_VERSION = 5.0;
				TEST_TARGET_NAME = "Travent (macOS)";
			};
			name = Debug;
		};
		5E158AF827717BB000C59E87 /* Release */ = {
			isa = XCBuildConfiguration;
			buildSettings = {
				ALWAYS_EMBED_SWIFT_STANDARD_LIBRARIES = YES;
				CODE_SIGN_STYLE = Automatic;
				COMBINE_HIDPI_IMAGES = YES;
				CURRENT_PROJECT_VERSION = 1;
				DEVELOPMENT_TEAM = XM86A3X2SX;
				GENERATE_INFOPLIST_FILE = YES;
				LD_RUNPATH_SEARCH_PATHS = (
					"$(inherited)",
					"@executable_path/../Frameworks",
					"@loader_path/../Frameworks",
				);
				MACOSX_DEPLOYMENT_TARGET = 11.3;
				MARKETING_VERSION = 1.0;
				PRODUCT_BUNDLE_IDENTIFIER = "com.thirdlander.Tests-macOS";
				PRODUCT_NAME = "$(TARGET_NAME)";
				SDKROOT = macosx;
				SWIFT_EMIT_LOC_STRINGS = NO;
				SWIFT_VERSION = 5.0;
				TEST_TARGET_NAME = "Travent (macOS)";
			};
			name = Release;
		};
		5E326715277184E800B0B4DE /* Debug */ = {
			isa = XCBuildConfiguration;
			buildSettings = {
				CODE_SIGN_STYLE = Automatic;
				DEVELOPMENT_TEAM = XM86A3X2SX;
				ENABLE_HARDENED_RUNTIME = YES;
				PRODUCT_NAME = "$(TARGET_NAME)";
				SDKROOT = macosx;
				SWIFT_VERSION = 5.0;
			};
			name = Debug;
		};
		5E326716277184E800B0B4DE /* Release */ = {
			isa = XCBuildConfiguration;
			buildSettings = {
				CODE_SIGN_STYLE = Automatic;
				DEVELOPMENT_TEAM = XM86A3X2SX;
				ENABLE_HARDENED_RUNTIME = YES;
				PRODUCT_NAME = "$(TARGET_NAME)";
				SDKROOT = macosx;
				SWIFT_VERSION = 5.0;
			};
			name = Release;
		};
/* End XCBuildConfiguration section */

/* Begin XCConfigurationList section */
		5E158ABB27717BAC00C59E87 /* Build configuration list for PBXProject "Travent" */ = {
			isa = XCConfigurationList;
			buildConfigurations = (
				5E158AEB27717BB000C59E87 /* Debug */,
				5E158AEC27717BB000C59E87 /* Release */,
			);
			defaultConfigurationIsVisible = 0;
			defaultConfigurationName = Release;
		};
		5E158AED27717BB000C59E87 /* Build configuration list for PBXNativeTarget "Travent (iOS)" */ = {
			isa = XCConfigurationList;
			buildConfigurations = (
				5E158AEE27717BB000C59E87 /* Debug */,
				5E158AEF27717BB000C59E87 /* Release */,
			);
			defaultConfigurationIsVisible = 0;
			defaultConfigurationName = Release;
		};
		5E158AF027717BB000C59E87 /* Build configuration list for PBXNativeTarget "Travent (macOS)" */ = {
			isa = XCConfigurationList;
			buildConfigurations = (
				5E158AF127717BB000C59E87 /* Debug */,
				5E158AF227717BB000C59E87 /* Release */,
			);
			defaultConfigurationIsVisible = 0;
			defaultConfigurationName = Release;
		};
		5E158AF327717BB000C59E87 /* Build configuration list for PBXNativeTarget "Tests iOS" */ = {
			isa = XCConfigurationList;
			buildConfigurations = (
				5E158AF427717BB000C59E87 /* Debug */,
				5E158AF527717BB000C59E87 /* Release */,
			);
			defaultConfigurationIsVisible = 0;
			defaultConfigurationName = Release;
		};
		5E158AF627717BB000C59E87 /* Build configuration list for PBXNativeTarget "Tests macOS" */ = {
			isa = XCConfigurationList;
			buildConfigurations = (
				5E158AF727717BB000C59E87 /* Debug */,
				5E158AF827717BB000C59E87 /* Release */,
			);
			defaultConfigurationIsVisible = 0;
			defaultConfigurationName = Release;
		};
		5E326714277184E800B0B4DE /* Build configuration list for PBXNativeTarget "TraventServer" */ = {
			isa = XCConfigurationList;
			buildConfigurations = (
				5E326715277184E800B0B4DE /* Debug */,
				5E326716277184E800B0B4DE /* Release */,
			);
			defaultConfigurationIsVisible = 0;
			defaultConfigurationName = Release;
		};
/* End XCConfigurationList section */

/* Begin XCSwiftPackageProductDependency section */
		5E0B009D27718884006A8A74 /* Argon */ = {
			isa = XCSwiftPackageProductDependency;
			productName = Argon;
		};
		5E0B009F27718889006A8A74 /* ArgonServer */ = {
			isa = XCSwiftPackageProductDependency;
			productName = ArgonServer;
		};
		5E0B00A827718CDA006A8A74 /* Argon */ = {
			isa = XCSwiftPackageProductDependency;
			productName = Argon;
		};
		5E0B00C2277195CF006A8A74 /* Argon */ = {
			isa = XCSwiftPackageProductDependency;
			productName = Argon;
		};
/* End XCSwiftPackageProductDependency section */
	};
	rootObject = 5E158AB827717BAC00C59E87 /* Project object */;
}
